
Microsoft Visual Studio Solution File, Format Version 12.00
# Visual Studio Version 16
VisualStudioVersion = 16.0.31911.196
MinimumVisualStudioVersion = 10.0.40219.1
Project("{FAE04EC0-301F-11D3-BF4B-00C04F79EFBC}") = "ponomarev_z1", "ponomarev_z1.csproj", "{BDA478E4-900F-4F59-9F95-51DDAC8F4069}"
EndProject
Global
	GlobalSection(SolutionConfigurationPlatforms) = preSolution
		Debug|Any CPU = Debug|Any CPU
		Release|Any CPU = Release|Any CPU
	EndGlobalSection
	GlobalSection(ProjectConfigurationPlatforms) = postSolution
		{BDA478E4-900F-4F59-9F95-51DDAC8F4069}.Debug|Any CPU.ActiveCfg = Debug|Any CPU
		{BDA478E4-900F-4F59-9F95-51DDAC8F4069}.Debug|Any CPU.Build.0 = Debug|Any CPU
		{BDA478E4-900F-4F59-9F95-51DDAC8F4069}.Release|Any CPU.ActiveCfg = Release|Any CPU
		{BDA478E4-900F-4F59-9F95-51DDAC8F4069}.Release|Any CPU.Build.0 = Release|Any CPU
	EndGlobalSection
	GlobalSection(SolutionProperties) = preSolution
		HideSolutionNode = FALSE
	EndGlobalSection
	GlobalSection(ExtensibilityGlobals) = postSolution
		SolutionGuid = {CD15F148-A1D5-424B-992E-504BB8A6D587}
	EndGlobalSection
EndGlobal
